// !$*UTF8*$!
{
	archiveVersion = 1;
	classes = {
	};
	objectVersion = 77;
	objects = {

/* Begin PBXBuildFile section */
		BF1BDFE32D434A2400F1ACD7 /* ContentView.swift in Sources */ = {isa = PBXBuildFile; fileRef = BF1BDFE02D434A2400F1ACD7 /* ContentView.swift */; };
		BF1BDFE42D434A2400F1ACD7 /* CurrencyConverterApp.swift in Sources */ = {isa = PBXBuildFile; fileRef = BF1BDFE12D434A2400F1ACD7 /* CurrencyConverterApp.swift */; };
		BF1BDFE52D434A2400F1ACD7 /* Preview Assets.xcassets in Resources */ = {isa = PBXBuildFile; fileRef = BF1BDFDD2D434A2400F1ACD7 /* Preview Assets.xcassets */; };
		BF1BDFE62D434A2400F1ACD7 /* Assets.xcassets in Resources */ = {isa = PBXBuildFile; fileRef = BF1BDFDF2D434A2400F1ACD7 /* Assets.xcassets */; };
		BF1BDFE82D434B8900F1ACD7 /* CurrencyChoice.swift in Sources */ = {isa = PBXBuildFile; fileRef = BF1BDFE72D434B8900F1ACD7 /* CurrencyChoice.swift */; };
		BF1BDFEA2D434FED00F1ACD7 /* ContentViewModel.swift in Sources */ = {isa = PBXBuildFile; fileRef = BF1BDFE92D434FED00F1ACD7 /* ContentViewModel.swift */; };
		BF1BDFEF2D4375C700F1ACD7 /* API.swift in Sources */ = {isa = PBXBuildFile; fileRef = BF1BDFEE2D4375C700F1ACD7 /* API.swift */; };
		BF1BDFF42D4376A500F1ACD7 /* WrapRates.swift in Sources */ = {isa = PBXBuildFile; fileRef = BF1BDFF32D4376A500F1ACD7 /* WrapRates.swift */; };
/* End PBXBuildFile section */

/* Begin PBXFileReference section */
		BF1BDFCC2D434A1300F1ACD7 /* CurrencyConverter.app */ = {isa = PBXFileReference; explicitFileType = wrapper.application; includeInIndex = 0; path = CurrencyConverter.app; sourceTree = BUILT_PRODUCTS_DIR; };
		BF1BDFDD2D434A2400F1ACD7 /* Preview Assets.xcassets */ = {isa = PBXFileReference; lastKnownFileType = folder.assetcatalog; path = "Preview Assets.xcassets"; sourceTree = "<group>"; };
		BF1BDFDF2D434A2400F1ACD7 /* Assets.xcassets */ = {isa = PBXFileReference; lastKnownFileType = folder.assetcatalog; path = Assets.xcassets; sourceTree = "<group>"; };
		BF1BDFE02D434A2400F1ACD7 /* ContentView.swift */ = {isa = PBXFileReference; lastKnownFileType = sourcecode.swift; path = ContentView.swift; sourceTree = "<group>"; };
		BF1BDFE12D434A2400F1ACD7 /* CurrencyConverterApp.swift */ = {isa = PBXFileReference; lastKnownFileType = sourcecode.swift; path = CurrencyConverterApp.swift; sourceTree = "<group>"; };
		BF1BDFE72D434B8900F1ACD7 /* CurrencyChoice.swift */ = {isa = PBXFileReference; lastKnownFileType = sourcecode.swift; path = CurrencyChoice.swift; sourceTree = "<group>"; };
		BF1BDFE92D434FED00F1ACD7 /* ContentViewModel.swift */ = {isa = PBXFileReference; lastKnownFileType = sourcecode.swift; path = ContentViewModel.swift; sourceTree = "<group>"; };
		BF1BDFEB2D43623200F1ACD7 /* CurrencyAPIRequest.playground */ = {isa = PBXFileReference; lastKnownFileType = file.playground; name = CurrencyAPIRequest.playground; path = ../CurrencyAPIRequest.playground; sourceTree = SOURCE_ROOT; xcLanguageSpecificationIdentifier = xcode.lang.swift; };
		BF1BDFEE2D4375C700F1ACD7 /* API.swift */ = {isa = PBXFileReference; lastKnownFileType = sourcecode.swift; path = API.swift; sourceTree = "<group>"; };
		BF1BDFF32D4376A500F1ACD7 /* WrapRates.swift */ = {isa = PBXFileReference; lastKnownFileType = sourcecode.swift; path = WrapRates.swift; sourceTree = "<group>"; };
/* End PBXFileReference section */

/* Begin PBXFrameworksBuildPhase section */
		BF1BDFC92D434A1300F1ACD7 /* Frameworks */ = {
			isa = PBXFrameworksBuildPhase;
			buildActionMask = 2147483647;
			files = (
			);
			runOnlyForDeploymentPostprocessing = 0;
		};
/* End PBXFrameworksBuildPhase section */

/* Begin PBXGroup section */
		BF1BDFC32D434A1300F1ACD7 = {
			isa = PBXGroup;
			children = (
				BF1BDFE22D434A2400F1ACD7 /* CurrencyConverter */,
				BF1BDFCD2D434A1300F1ACD7 /* Products */,
			);
			sourceTree = "<group>";
		};
		BF1BDFCD2D434A1300F1ACD7 /* Products */ = {
			isa = PBXGroup;
			children = (
				BF1BDFCC2D434A1300F1ACD7 /* CurrencyConverter.app */,
			);
			name = Products;
			sourceTree = "<group>";
		};
		BF1BDFDE2D434A2400F1ACD7 /* Preview Content */ = {
			isa = PBXGroup;
			children = (
				BF1BDFDD2D434A2400F1ACD7 /* Preview Assets.xcassets */,
			);
			path = "Preview Content";
			sourceTree = "<group>";
		};
		BF1BDFE22D434A2400F1ACD7 /* CurrencyConverter */ = {
			isa = PBXGroup;
			children = (
				BF1BDFF22D43769100F1ACD7 /* View */,
				BF1BDFF12D43768100F1ACD7 /* ViewMOdel */,
				BF1BDFF02D43767700F1ACD7 /* Model */,
				BF1BDFE12D434A2400F1ACD7 /* CurrencyConverterApp.swift */,
				BF1BDFEE2D4375C700F1ACD7 /* API.swift */,
				BF1BDFDF2D434A2400F1ACD7 /* Assets.xcassets */,
				BF1BDFEB2D43623200F1ACD7 /* CurrencyAPIRequest.playground */,
				BF1BDFDE2D434A2400F1ACD7 /* Preview Content */,
			);
			path = CurrencyConverter;
			sourceTree = "<group>";
		};
		BF1BDFF02D43767700F1ACD7 /* Model */ = {
			isa = PBXGroup;
			children = (
				BF1BDFE72D434B8900F1ACD7 /* CurrencyChoice.swift */,
				BF1BDFF32D4376A500F1ACD7 /* WrapRates.swift */,
			);
			path = Model;
			sourceTree = "<group>";
		};
		BF1BDFF12D43768100F1ACD7 /* ViewMOdel */ = {
			isa = PBXGroup;
			children = (
				BF1BDFE92D434FED00F1ACD7 /* ContentViewModel.swift */,
			);
			path = ViewMOdel;
			sourceTree = "<group>";
		};
		BF1BDFF22D43769100F1ACD7 /* View */ = {
			isa = PBXGroup;
			children = (
				BF1BDFE02D434A2400F1ACD7 /* ContentView.swift */,
			);
			path = View;
			sourceTree = "<group>";
		};
/* End PBXGroup section */

/* Begin PBXNativeTarget section */
		BF1BDFCB2D434A1300F1ACD7 /* CurrencyConverter */ = {
			isa = PBXNativeTarget;
			buildConfigurationList = BF1BDFDA2D434A1500F1ACD7 /* Build configuration list for PBXNativeTarget "CurrencyConverter" */;
			buildPhases = (
				BF1BDFC82D434A1300F1ACD7 /* Sources */,
				BF1BDFC92D434A1300F1ACD7 /* Frameworks */,
				BF1BDFCA2D434A1300F1ACD7 /* Resources */,
			);
			buildRules = (
			);
			dependencies = (
			);
			name = CurrencyConverter;
			packageProductDependencies = (
			);
			productName = CurrencyConverter;
			productReference = BF1BDFCC2D434A1300F1ACD7 /* CurrencyConverter.app */;
			productType = "com.apple.product-type.application";
		};
/* End PBXNativeTarget section */

/* Begin PBXProject section */
		BF1BDFC42D434A1300F1ACD7 /* Project object */ = {
			isa = PBXProject;
			attributes = {
				BuildIndependentTargetsInParallel = 1;
				LastSwiftUpdateCheck = 1620;
				LastUpgradeCheck = 1620;
				TargetAttributes = {
					BF1BDFCB2D434A1300F1ACD7 = {
						CreatedOnToolsVersion = 16.2;
					};
				};
			};
			buildConfigurationList = BF1BDFC72D434A1300F1ACD7 /* Build configuration list for PBXProject "CurrencyConverter" */;
			developmentRegion = en;
			hasScannedForEncodings = 0;
			knownRegions = (
				en,
				Base,
			);
			mainGroup = BF1BDFC32D434A1300F1ACD7;
			minimizedProjectReferenceProxies = 1;
			preferredProjectObjectVersion = 77;
			productRefGroup = BF1BDFCD2D434A1300F1ACD7 /* Products */;
			projectDirPath = "";
			projectRoot = "";
			targets = (
				BF1BDFCB2D434A1300F1ACD7 /* CurrencyConverter */,
			);
		};
/* End PBXProject section */

/* Begin PBXResourcesBuildPhase section */
		BF1BDFCA2D434A1300F1ACD7 /* Resources */ = {
			isa = PBXResourcesBuildPhase;
			buildActionMask = 2147483647;
			files = (
				BF1BDFE52D434A2400F1ACD7 /* Preview Assets.xcassets in Resources */,
				BF1BDFE62D434A2400F1ACD7 /* Assets.xcassets in Resources */,
			);
			runOnlyForDeploymentPostprocessing = 0;
		};
/* End PBXResourcesBuildPhase section */

/* Begin PBXSourcesBuildPhase section */
		BF1BDFC82D434A1300F1ACD7 /* Sources */ = {
			isa = PBXSourcesBuildPhase;
			buildActionMask = 2147483647;
			files = (
				BF1BDFEA2D434FED00F1ACD7 /* ContentViewModel.swift in Sources */,
				BF1BDFF42D4376A500F1ACD7 /* WrapRates.swift in Sources */,
				BF1BDFE32D434A2400F1ACD7 /* ContentView.swift in Sources */,
				BF1BDFE42D434A2400F1ACD7 /* CurrencyConverterApp.swift in Sources */,
				BF1BDFE82D434B8900F1ACD7 /* CurrencyChoice.swift in Sources */,
				BF1BDFEF2D4375C700F1ACD7 /* API.swift in Sources */,
			);
			runOnlyForDeploymentPostprocessing = 0;
		};
/* End PBXSourcesBuildPhase section */

/* Begin XCBuildConfiguration section */
		BF1BDFD82D434A1500F1ACD7 /* Debug */ = {
			isa = XCBuildConfiguration;
			buildSettings = {
				ALWAYS_SEARCH_USER_PATHS = NO;
				ASSETCATALOG_COMPILER_GENERATE_SWIFT_ASSET_SYMBOL_EXTENSIONS = YES;
				CLANG_ANALYZER_NONNULL = YES;
				CLANG_ANALYZER_NUMBER_OBJECT_CONVERSION = YES_AGGRESSIVE;
				CLANG_CXX_LANGUAGE_STANDARD = "gnu++20";
				CLANG_ENABLE_MODULES = YES;
				CLANG_ENABLE_OBJC_ARC = YES;
				CLANG_ENABLE_OBJC_WEAK = YES;
				CLANG_WARN_BLOCK_CAPTURE_AUTORELEASING = YES;
				CLANG_WARN_BOOL_CONVERSION = YES;
				CLANG_WARN_COMMA = YES;
				CLANG_WARN_CONSTANT_CONVERSION = YES;
				CLANG_WARN_DEPRECATED_OBJC_IMPLEMENTATIONS = YES;
				CLANG_WARN_DIRECT_OBJC_ISA_USAGE = YES_ERROR;
				CLANG_WARN_DOCUMENTATION_COMMENTS = YES;
				CLANG_WARN_EMPTY_BODY = YES;
				CLANG_WARN_ENUM_CONVERSION = YES;
				CLANG_WARN_INFINITE_RECURSION = YES;
				CLANG_WARN_INT_CONVERSION = YES;
				CLANG_WARN_NON_LITERAL_NULL_CONVERSION = YES;
				CLANG_WARN_OBJC_IMPLICIT_RETAIN_SELF = YES;
				CLANG_WARN_OBJC_LITERAL_CONVERSION = YES;
				CLANG_WARN_OBJC_ROOT_CLASS = YES_ERROR;
				CLANG_WARN_QUOTED_INCLUDE_IN_FRAMEWORK_HEADER = YES;
				CLANG_WARN_RANGE_LOOP_ANALYSIS = YES;
				CLANG_WARN_STRICT_PROTOTYPES = YES;
				CLANG_WARN_SUSPICIOUS_MOVE = YES;
				CLANG_WARN_UNGUARDED_AVAILABILITY = YES_AGGRESSIVE;
				CLANG_WARN_UNREACHABLE_CODE = YES;
				CLANG_WARN__DUPLICATE_METHOD_MATCH = YES;
				COPY_PHASE_STRIP = NO;
				DEBUG_INFORMATION_FORMAT = dwarf;
				ENABLE_STRICT_OBJC_MSGSEND = YES;
				ENABLE_TESTABILITY = YES;
				ENABLE_USER_SCRIPT_SANDBOXING = YES;
				GCC_C_LANGUAGE_STANDARD = gnu17;
				GCC_DYNAMIC_NO_PIC = NO;
				GCC_NO_COMMON_BLOCKS = YES;
				GCC_OPTIMIZATION_LEVEL = 0;
				GCC_PREPROCESSOR_DEFINITIONS = (
					"DEBUG=1",
					"$(inherited)",
				);
				GCC_WARN_64_TO_32_BIT_CONVERSION = YES;
				GCC_WARN_ABOUT_RETURN_TYPE = YES_ERROR;
				GCC_WARN_UNDECLARED_SELECTOR = YES;
				GCC_WARN_UNINITIALIZED_AUTOS = YES_AGGRESSIVE;
				GCC_WARN_UNUSED_FUNCTION = YES;
				GCC_WARN_UNUSED_VARIABLE = YES;
				IPHONEOS_DEPLOYMENT_TARGET = 18.2;
				LOCALIZATION_PREFERS_STRING_CATALOGS = YES;
				MTL_ENABLE_DEBUG_INFO = INCLUDE_SOURCE;
				MTL_FAST_MATH = YES;
				ONLY_ACTIVE_ARCH = YES;
				SDKROOT = iphoneos;
				SWIFT_ACTIVE_COMPILATION_CONDITIONS = "DEBUG $(inherited)";
				SWIFT_OPTIMIZATION_LEVEL = "-Onone";
			};
			name = Debug;
		};
		BF1BDFD92D434A1500F1ACD7 /* Release */ = {
			isa = XCBuildConfiguration;
			buildSettings = {
				ALWAYS_SEARCH_USER_PATHS = NO;
				ASSETCATALOG_COMPILER_GENERATE_SWIFT_ASSET_SYMBOL_EXTENSIONS = YES;
				CLANG_ANALYZER_NONNULL = YES;
				CLANG_ANALYZER_NUMBER_OBJECT_CONVERSION = YES_AGGRESSIVE;
				CLANG_CXX_LANGUAGE_STANDARD = "gnu++20";
				CLANG_ENABLE_MODULES = YES;
				CLANG_ENABLE_OBJC_ARC = YES;
				CLANG_ENABLE_OBJC_WEAK = YES;
				CLANG_WARN_BLOCK_CAPTURE_AUTORELEASING = YES;
				CLANG_WARN_BOOL_CONVERSION = YES;
				CLANG_WARN_COMMA = YES;
				CLANG_WARN_CONSTANT_CONVERSION = YES;
				CLANG_WARN_DEPRECATED_OBJC_IMPLEMENTATIONS = YES;
				CLANG_WARN_DIRECT_OBJC_ISA_USAGE = YES_ERROR;
				CLANG_WARN_DOCUMENTATION_COMMENTS = YES;
				CLANG_WARN_EMPTY_BODY = YES;
				CLANG_WARN_ENUM_CONVERSION = YES;
				CLANG_WARN_INFINITE_RECURSION = YES;
				CLANG_WARN_INT_CONVERSION = YES;
				CLANG_WARN_NON_LITERAL_NULL_CONVERSION = YES;
				CLANG_WARN_OBJC_IMPLICIT_RETAIN_SELF = YES;
				CLANG_WARN_OBJC_LITERAL_CONVERSION = YES;
				CLANG_WARN_OBJC_ROOT_CLASS = YES_ERROR;
				CLANG_WARN_QUOTED_INCLUDE_IN_FRAMEWORK_HEADER = YES;
				CLANG_WARN_RANGE_LOOP_ANALYSIS = YES;
				CLANG_WARN_STRICT_PROTOTYPES = YES;
				CLANG_WARN_SUSPICIOUS_MOVE = YES;
				CLANG_WARN_UNGUARDED_AVAILABILITY = YES_AGGRESSIVE;
				CLANG_WARN_UNREACHABLE_CODE = YES;
				CLANG_WARN__DUPLICATE_METHOD_MATCH = YES;
				COPY_PHASE_STRIP = NO;
				DEBUG_INFORMATION_FORMAT = "dwarf-with-dsym";
				ENABLE_NS_ASSERTIONS = NO;
				ENABLE_STRICT_OBJC_MSGSEND = YES;
				ENABLE_USER_SCRIPT_SANDBOXING = YES;
				GCC_C_LANGUAGE_STANDARD = gnu17;
				GCC_NO_COMMON_BLOCKS = YES;
				GCC_WARN_64_TO_32_BIT_CONVERSION = YES;
				GCC_WARN_ABOUT_RETURN_TYPE = YES_ERROR;
				GCC_WARN_UNDECLARED_SELECTOR = YES;
				GCC_WARN_UNINITIALIZED_AUTOS = YES_AGGRESSIVE;
				GCC_WARN_UNUSED_FUNCTION = YES;
				GCC_WARN_UNUSED_VARIABLE = YES;
				IPHONEOS_DEPLOYMENT_TARGET = 18.2;
				LOCALIZATION_PREFERS_STRING_CATALOGS = YES;
				MTL_ENABLE_DEBUG_INFO = NO;
				MTL_FAST_MATH = YES;
				SDKROOT = iphoneos;
				SWIFT_COMPILATION_MODE = wholemodule;
				VALIDATE_PRODUCT = YES;
			};
			name = Release;
		};
		BF1BDFDB2D434A1500F1ACD7 /* Debug */ = {
			isa = XCBuildConfiguration;
			buildSettings = {
				ASSETCATALOG_COMPILER_APPICON_NAME = AppIcon;
				ASSETCATALOG_COMPILER_GLOBAL_ACCENT_COLOR_NAME = AccentColor;
				CODE_SIGN_STYLE = Automatic;
				CURRENT_PROJECT_VERSION = 1;
				DEVELOPMENT_ASSET_PATHS = "\"CurrencyConverter/Preview Content\"";
				DEVELOPMENT_TEAM = T9MD4URZFH;
				ENABLE_PREVIEWS = YES;
				GENERATE_INFOPLIST_FILE = YES;
				INFOPLIST_KEY_UIApplicationSceneManifest_Generation = YES;
				INFOPLIST_KEY_UIApplicationSupportsIndirectInputEvents = YES;
				INFOPLIST_KEY_UILaunchScreen_Generation = YES;
				INFOPLIST_KEY_UISupportedInterfaceOrientations_iPad = "UIInterfaceOrientationPortrait UIInterfaceOrientationPortraitUpsideDown UIInterfaceOrientationLandscapeLeft UIInterfaceOrientationLandscapeRight";
				INFOPLIST_KEY_UISupportedInterfaceOrientations_iPhone = "UIInterfaceOrientationPortrait UIInterfaceOrientationLandscapeLeft UIInterfaceOrientationLandscapeRight";
				LD_RUNPATH_SEARCH_PATHS = (
					"$(inherited)",
					"@executable_path/Frameworks",
				);
				MARKETING_VERSION = 1.0;
				PRODUCT_BUNDLE_IDENTIFIER = com.superkookai.CurrencyConverter;
				PRODUCT_NAME = "$(TARGET_NAME)";
				SWIFT_EMIT_LOC_STRINGS = YES;
				SWIFT_VERSION = 5.0;
				TARGETED_DEVICE_FAMILY = "1,2";
			};
			name = Debug;
		};
		BF1BDFDC2D434A1500F1ACD7 /* Release */ = {
			isa = XCBuildConfiguration;
			buildSettings = {
				ASSETCATALOG_COMPILER_APPICON_NAME = AppIcon;
				ASSETCATALOG_COMPILER_GLOBAL_ACCENT_COLOR_NAME = AccentColor;
				CODE_SIGN_STYLE = Automatic;
				CURRENT_PROJECT_VERSION = 1;
				DEVELOPMENT_ASSET_PATHS = "\"CurrencyConverter/Preview Content\"";
				DEVELOPMENT_TEAM = T9MD4URZFH;
				ENABLE_PREVIEWS = YES;
				GENERATE_INFOPLIST_FILE = YES;
				INFOPLIST_KEY_UIApplicationSceneManifest_Generation = YES;
				INFOPLIST_KEY_UIApplicationSupportsIndirectInputEvents = YES;
				INFOPLIST_KEY_UILaunchScreen_Generation = YES;
				INFOPLIST_KEY_UISupportedInterfaceOrientations_iPad = "UIInterfaceOrientationPortrait UIInterfaceOrientationPortraitUpsideDown UIInterfaceOrientationLandscapeLeft UIInterfaceOrientationLandscapeRight";
				INFOPLIST_KEY_UISupportedInterfaceOrientations_iPhone = "UIInterfaceOrientationPortrait UIInterfaceOrientationLandscapeLeft UIInterfaceOrientationLandscapeRight";
				LD_RUNPATH_SEARCH_PATHS = (
					"$(inherited)",
					"@executable_path/Frameworks",
				);
				MARKETING_VERSION = 1.0;
				PRODUCT_BUNDLE_IDENTIFIER = com.superkookai.CurrencyConverter;
				PRODUCT_NAME = "$(TARGET_NAME)";
				SWIFT_EMIT_LOC_STRINGS = YES;
				SWIFT_VERSION = 5.0;
				TARGETED_DEVICE_FAMILY = "1,2";
			};
			name = Release;
		};
/* End XCBuildConfiguration section */

/* Begin XCConfigurationList section */
		BF1BDFC72D434A1300F1ACD7 /* Build configuration list for PBXProject "CurrencyConverter" */ = {
			isa = XCConfigurationList;
			buildConfigurations = (
				BF1BDFD82D434A1500F1ACD7 /* Debug */,
				BF1BDFD92D434A1500F1ACD7 /* Release */,
			);
			defaultConfigurationIsVisible = 0;
			defaultConfigurationName = Release;
		};
		BF1BDFDA2D434A1500F1ACD7 /* Build configuration list for PBXNativeTarget "CurrencyConverter" */ = {
			isa = XCConfigurationList;
			buildConfigurations = (
				BF1BDFDB2D434A1500F1ACD7 /* Debug */,
				BF1BDFDC2D434A1500F1ACD7 /* Release */,
			);
			defaultConfigurationIsVisible = 0;
			defaultConfigurationName = Release;
		};
/* End XCConfigurationList section */
	};
	rootObject = BF1BDFC42D434A1300F1ACD7 /* Project object */;
}
